
Microsoft Visual Studio Solution File, Format Version 12.00
# Visual Studio Version 17
VisualStudioVersion = 17.0.32112.339
MinimumVisualStudioVersion = 10.0.40219.1
Project("{9A19103F-16F7-4668-BE54-9A1E7A4F7556}") = "TaskCompletionMagic", "TaskCompletionMagic\TaskCompletionMagic.csproj", "{B52A31C6-932C-49B5-8D8A-9116424EA165}"
EndProject
Project("{FAE04EC0-301F-11D3-BF4B-00C04F79EFBC}") = "WindowsFormsApp1", "WindowsFormsApp1\WindowsFormsApp1.csproj", "{E6945BA2-E030-498A-BB76-E55DECC00911}"
EndProject
Project("{FAE04EC0-301F-11D3-BF4B-00C04F79EFBC}") = "WebApplication1", "WebApplication1\WebApplication1.csproj", "{7ADAD5FF-FAEC-4094-A9DD-A2E18D8CE0C2}"
EndProject
Global
	GlobalSection(SolutionConfigurationPlatforms) = preSolution
		Debug|Any CPU = Debug|Any CPU
		Release|Any CPU = Release|Any CPU
	EndGlobalSection
	GlobalSection(ProjectConfigurationPlatforms) = postSolution
		{B52A31C6-932C-49B5-8D8A-9116424EA165}.Debug|Any CPU.ActiveCfg = Debug|Any CPU
		{B52A31C6-932C-49B5-8D8A-9116424EA165}.Debug|Any CPU.Build.0 = Debug|Any CPU
		{B52A31C6-932C-49B5-8D8A-9116424EA165}.Release|Any CPU.ActiveCfg = Release|Any CPU
		{B52A31C6-932C-49B5-8D8A-9116424EA165}.Release|Any CPU.Build.0 = Release|Any CPU
		{E6945BA2-E030-498A-BB76-E55DECC00911}.Debug|Any CPU.ActiveCfg = Debug|Any CPU
		{E6945BA2-E030-498A-BB76-E55DECC00911}.Debug|Any CPU.Build.0 = Debug|Any CPU
		{E6945BA2-E030-498A-BB76-E55DECC00911}.Release|Any CPU.ActiveCfg = Release|Any CPU
		{E6945BA2-E030-498A-BB76-E55DECC00911}.Release|Any CPU.Build.0 = Release|Any CPU
		{7ADAD5FF-FAEC-4094-A9DD-A2E18D8CE0C2}.Debug|Any CPU.ActiveCfg = Debug|Any CPU
		{7ADAD5FF-FAEC-4094-A9DD-A2E18D8CE0C2}.Debug|Any CPU.Build.0 = Debug|Any CPU
		{7ADAD5FF-FAEC-4094-A9DD-A2E18D8CE0C2}.Release|Any CPU.ActiveCfg = Release|Any CPU
		{7ADAD5FF-FAEC-4094-A9DD-A2E18D8CE0C2}.Release|Any CPU.Build.0 = Release|Any CPU
	EndGlobalSection
	GlobalSection(SolutionProperties) = preSolution
		HideSolutionNode = FALSE
	EndGlobalSection
	GlobalSection(ExtensibilityGlobals) = postSolution
		SolutionGuid = {FD4606A3-ACF5-47A3-ABA4-92B524684F75}
	EndGlobalSection
EndGlobal
